
Microsoft Visual Studio Solution File, Format Version 12.00
# Visual Studio Version 17
VisualStudioVersion = 17.4.33205.214
MinimumVisualStudioVersion = 10.0.40219.1
Project("{9A19103F-16F7-4668-BE54-9A1E7A4F7556}") = "Petshare.WebAPI", "Petshare.WebAPI\Petshare.WebAPI.csproj", "{E486EA27-4673-4AEE-9452-B8C7BC4C63E7}"
EndProject
Project("{2150E333-8FDC-42A3-9474-1A3956D46DE8}") = "Infrastructure", "Infrastructure", "{0324517F-BAF8-4EA7-9DB6-3244BE646C98}"
EndProject
Project("{FAE04EC0-301F-11D3-BF4B-00C04F79EFBC}") = "Petshare.Presentation", "Petshare.Presentation\Petshare.Presentation.csproj", "{3EFB15E9-CA10-4E8A-B937-0EBE795FBD19}"
EndProject
Global
	GlobalSection(SolutionConfigurationPlatforms) = preSolution
		Debug|Any CPU = Debug|Any CPU
		Release|Any CPU = Release|Any CPU
	EndGlobalSection
	GlobalSection(ProjectConfigurationPlatforms) = postSolution
		{E486EA27-4673-4AEE-9452-B8C7BC4C63E7}.Debug|Any CPU.ActiveCfg = Debug|Any CPU
		{E486EA27-4673-4AEE-9452-B8C7BC4C63E7}.Debug|Any CPU.Build.0 = Debug|Any CPU
		{E486EA27-4673-4AEE-9452-B8C7BC4C63E7}.Release|Any CPU.ActiveCfg = Release|Any CPU
		{E486EA27-4673-4AEE-9452-B8C7BC4C63E7}.Release|Any CPU.Build.0 = Release|Any CPU
		{3EFB15E9-CA10-4E8A-B937-0EBE795FBD19}.Debug|Any CPU.ActiveCfg = Debug|Any CPU
		{3EFB15E9-CA10-4E8A-B937-0EBE795FBD19}.Debug|Any CPU.Build.0 = Debug|Any CPU
		{3EFB15E9-CA10-4E8A-B937-0EBE795FBD19}.Release|Any CPU.ActiveCfg = Release|Any CPU
		{3EFB15E9-CA10-4E8A-B937-0EBE795FBD19}.Release|Any CPU.Build.0 = Release|Any CPU
	EndGlobalSection
	GlobalSection(SolutionProperties) = preSolution
		HideSolutionNode = FALSE
	EndGlobalSection
	GlobalSection(NestedProjects) = preSolution
		{3EFB15E9-CA10-4E8A-B937-0EBE795FBD19} = {0324517F-BAF8-4EA7-9DB6-3244BE646C98}
	EndGlobalSection
	GlobalSection(ExtensibilityGlobals) = postSolution
		SolutionGuid = {39955A73-AB58-4703-837F-6B2C51041894}
	EndGlobalSection
EndGlobal
